
Microsoft Visual Studio Solution File, Format Version 12.00
# Visual Studio Version 17
VisualStudioVersion = 17.1.32319.34
MinimumVisualStudioVersion = 10.0.40219.1
Project("{FAE04EC0-301F-11D3-BF4B-00C04F79EFBC}") = "IGlogin", "IGlogin\IGlogin.csproj", "{31DA9DDC-6364-4AC6-9517-7A07E23DF4BC}"
EndProject
Global
	GlobalSection(SolutionConfigurationPlatforms) = preSolution
		Debug|Any CPU = Debug|Any CPU
		Release|Any CPU = Release|Any CPU
	EndGlobalSection
	GlobalSection(ProjectConfigurationPlatforms) = postSolution
		{31DA9DDC-6364-4AC6-9517-7A07E23DF4BC}.Debug|Any CPU.ActiveCfg = Debug|Any CPU
		{31DA9DDC-6364-4AC6-9517-7A07E23DF4BC}.Debug|Any CPU.Build.0 = Debug|Any CPU
		{31DA9DDC-6364-4AC6-9517-7A07E23DF4BC}.Release|Any CPU.ActiveCfg = Release|Any CPU
		{31DA9DDC-6364-4AC6-9517-7A07E23DF4BC}.Release|Any CPU.Build.0 = Release|Any CPU
	EndGlobalSection
	GlobalSection(SolutionProperties) = preSolution
		HideSolutionNode = FALSE
	EndGlobalSection
	GlobalSection(ExtensibilityGlobals) = postSolution
		SolutionGuid = {896E4F62-D56B-4287-A696-1E38D142C7DC}
	EndGlobalSection
EndGlobal
